
Microsoft Visual Studio Solution File, Format Version 12.00
# Visual Studio Version 17
VisualStudioVersion = 17.6.33815.320
MinimumVisualStudioVersion = 10.0.40219.1
Project("{FAE04EC0-301F-11D3-BF4B-00C04F79EFBC}") = "Assignment11", "Assignment11.csproj", "{D9A89D1B-F132-41CA-9522-CEC37765551C}"
EndProject
Global
	GlobalSection(SolutionConfigurationPlatforms) = preSolution
		Debug|Any CPU = Debug|Any CPU
		Release|Any CPU = Release|Any CPU
	EndGlobalSection
	GlobalSection(ProjectConfigurationPlatforms) = postSolution
		{D9A89D1B-F132-41CA-9522-CEC37765551C}.Debug|Any CPU.ActiveCfg = Debug|Any CPU
		{D9A89D1B-F132-41CA-9522-CEC37765551C}.Debug|Any CPU.Build.0 = Debug|Any CPU
		{D9A89D1B-F132-41CA-9522-CEC37765551C}.Release|Any CPU.ActiveCfg = Release|Any CPU
		{D9A89D1B-F132-41CA-9522-CEC37765551C}.Release|Any CPU.Build.0 = Release|Any CPU
	EndGlobalSection
	GlobalSection(SolutionProperties) = preSolution
		HideSolutionNode = FALSE
	EndGlobalSection
	GlobalSection(ExtensibilityGlobals) = postSolution
		SolutionGuid = {31E1F529-A0B8-469A-B813-2782D1314AF1}
	EndGlobalSection
EndGlobal
